
Microsoft Visual Studio Solution File, Format Version 12.00
# Visual Studio Version 17
VisualStudioVersion = 17.3.32804.467
MinimumVisualStudioVersion = 10.0.40219.1
Project("{FAE04EC0-301F-11D3-BF4B-00C04F79EFBC}") = "BankUIForm", "BankUIForm\BankUIForm.csproj", "{3E86699D-A7F6-412A-8EC5-B19AB19C6C2C}"
EndProject
Global
	GlobalSection(SolutionConfigurationPlatforms) = preSolution
		Debug|Any CPU = Debug|Any CPU
		Release|Any CPU = Release|Any CPU
	EndGlobalSection
	GlobalSection(ProjectConfigurationPlatforms) = postSolution
		{3E86699D-A7F6-412A-8EC5-B19AB19C6C2C}.Debug|Any CPU.ActiveCfg = Debug|Any CPU
		{3E86699D-A7F6-412A-8EC5-B19AB19C6C2C}.Debug|Any CPU.Build.0 = Debug|Any CPU
		{3E86699D-A7F6-412A-8EC5-B19AB19C6C2C}.Release|Any CPU.ActiveCfg = Release|Any CPU
		{3E86699D-A7F6-412A-8EC5-B19AB19C6C2C}.Release|Any CPU.Build.0 = Release|Any CPU
	EndGlobalSection
	GlobalSection(SolutionProperties) = preSolution
		HideSolutionNode = FALSE
	EndGlobalSection
	GlobalSection(ExtensibilityGlobals) = postSolution
		SolutionGuid = {4956FC09-9DB8-4F68-B98A-9976A7290228}
	EndGlobalSection
EndGlobal
